
Microsoft Visual Studio Solution File, Format Version 12.00
# Visual Studio 15
VisualStudioVersion = 15.0.27703.2000
MinimumVisualStudioVersion = 10.0.40219.1
Project("{FAE04EC0-301F-11D3-BF4B-00C04F79EFBC}") = "shared_views_example_asp_dot_net", "shared_views_example_asp_dot_net\shared_views_example_asp_dot_net.csproj", "{0E35B07B-CCEF-48E8-83DC-3EC201BDEA59}"
EndProject
Project("{FAE04EC0-301F-11D3-BF4B-00C04F79EFBC}") = "shared_views_example_asp_dot_net.Tests", "shared_views_example_asp_dot_net.Tests\shared_views_example_asp_dot_net.Tests.csproj", "{004FC755-B4B4-4B12-8933-2BF8C45C8A11}"
EndProject
Global
	GlobalSection(SolutionConfigurationPlatforms) = preSolution
		Debug|Any CPU = Debug|Any CPU
		Release|Any CPU = Release|Any CPU
	EndGlobalSection
	GlobalSection(ProjectConfigurationPlatforms) = postSolution
		{0E35B07B-CCEF-48E8-83DC-3EC201BDEA59}.Debug|Any CPU.ActiveCfg = Debug|Any CPU
		{0E35B07B-CCEF-48E8-83DC-3EC201BDEA59}.Debug|Any CPU.Build.0 = Debug|Any CPU
		{0E35B07B-CCEF-48E8-83DC-3EC201BDEA59}.Release|Any CPU.ActiveCfg = Release|Any CPU
		{0E35B07B-CCEF-48E8-83DC-3EC201BDEA59}.Release|Any CPU.Build.0 = Release|Any CPU
		{004FC755-B4B4-4B12-8933-2BF8C45C8A11}.Debug|Any CPU.ActiveCfg = Debug|Any CPU
		{004FC755-B4B4-4B12-8933-2BF8C45C8A11}.Debug|Any CPU.Build.0 = Debug|Any CPU
		{004FC755-B4B4-4B12-8933-2BF8C45C8A11}.Release|Any CPU.ActiveCfg = Release|Any CPU
		{004FC755-B4B4-4B12-8933-2BF8C45C8A11}.Release|Any CPU.Build.0 = Release|Any CPU
	EndGlobalSection
	GlobalSection(SolutionProperties) = preSolution
		HideSolutionNode = FALSE
	EndGlobalSection
	GlobalSection(ExtensibilityGlobals) = postSolution
		SolutionGuid = {A9173E08-FDDD-4646-AD2F-A5A80312917C}
	EndGlobalSection
EndGlobal
